
Microsoft Visual Studio Solution File, Format Version 12.00
# Visual Studio Version 16
VisualStudioVersion = 16.0.29806.167
MinimumVisualStudioVersion = 10.0.40219.1
Project("{FAE04EC0-301F-11D3-BF4B-00C04F79EFBC}") = "AF_IPCA.PandemicApp.ConsoleApp", "PandemicApp\AF_IPCA.PandemicApp.ConsoleApp.csproj", "{B262FF06-2ABF-4A3C-AA25-30CE9818FD54}"
EndProject
Project("{FAE04EC0-301F-11D3-BF4B-00C04F79EFBC}") = "AF_IPCA.PandemicApp.BL", "AF_IPCA.PandemicApp.BL\AF_IPCA.PandemicApp.BL.csproj", "{B4BCA32A-7372-4E23-AEF7-1A2D6E8CA085}"
EndProject
Project("{FAE04EC0-301F-11D3-BF4B-00C04F79EFBC}") = "AF_IPCA.PandemicApp.BO", "AF_IPCA.PandemicApp.BO\AF_IPCA.PandemicApp.BO.csproj", "{8432FDFE-F206-4692-8BE3-00D11073F6B5}"
EndProject
Project("{FAE04EC0-301F-11D3-BF4B-00C04F79EFBC}") = "AF_IPCA.PandemicApp.DAO", "AF_IPCA.PandemicApp.DAO\AF_IPCA.PandemicApp.DAO.csproj", "{4B15FC78-D917-4DD0-B4EE-0FB17E325B24}"
EndProject
Global
	GlobalSection(SolutionConfigurationPlatforms) = preSolution
		Debug|Any CPU = Debug|Any CPU
		Release|Any CPU = Release|Any CPU
	EndGlobalSection
	GlobalSection(ProjectConfigurationPlatforms) = postSolution
		{B262FF06-2ABF-4A3C-AA25-30CE9818FD54}.Debug|Any CPU.ActiveCfg = Debug|Any CPU
		{B262FF06-2ABF-4A3C-AA25-30CE9818FD54}.Debug|Any CPU.Build.0 = Debug|Any CPU
		{B262FF06-2ABF-4A3C-AA25-30CE9818FD54}.Release|Any CPU.ActiveCfg = Release|Any CPU
		{B262FF06-2ABF-4A3C-AA25-30CE9818FD54}.Release|Any CPU.Build.0 = Release|Any CPU
		{B4BCA32A-7372-4E23-AEF7-1A2D6E8CA085}.Debug|Any CPU.ActiveCfg = Debug|Any CPU
		{B4BCA32A-7372-4E23-AEF7-1A2D6E8CA085}.Debug|Any CPU.Build.0 = Debug|Any CPU
		{B4BCA32A-7372-4E23-AEF7-1A2D6E8CA085}.Release|Any CPU.ActiveCfg = Release|Any CPU
		{B4BCA32A-7372-4E23-AEF7-1A2D6E8CA085}.Release|Any CPU.Build.0 = Release|Any CPU
		{8432FDFE-F206-4692-8BE3-00D11073F6B5}.Debug|Any CPU.ActiveCfg = Debug|Any CPU
		{8432FDFE-F206-4692-8BE3-00D11073F6B5}.Debug|Any CPU.Build.0 = Debug|Any CPU
		{8432FDFE-F206-4692-8BE3-00D11073F6B5}.Release|Any CPU.ActiveCfg = Release|Any CPU
		{8432FDFE-F206-4692-8BE3-00D11073F6B5}.Release|Any CPU.Build.0 = Release|Any CPU
		{4B15FC78-D917-4DD0-B4EE-0FB17E325B24}.Debug|Any CPU.ActiveCfg = Debug|Any CPU
		{4B15FC78-D917-4DD0-B4EE-0FB17E325B24}.Debug|Any CPU.Build.0 = Debug|Any CPU
		{4B15FC78-D917-4DD0-B4EE-0FB17E325B24}.Release|Any CPU.ActiveCfg = Release|Any CPU
		{4B15FC78-D917-4DD0-B4EE-0FB17E325B24}.Release|Any CPU.Build.0 = Release|Any CPU
	EndGlobalSection
	GlobalSection(SolutionProperties) = preSolution
		HideSolutionNode = FALSE
	EndGlobalSection
	GlobalSection(ExtensibilityGlobals) = postSolution
		SolutionGuid = {500AE332-6670-4E80-8CBA-5D4C2CE41B18}
	EndGlobalSection
EndGlobal
